
Microsoft Visual Studio Solution File, Format Version 12.00
# Visual Studio Express 2012 for Web
Project("{FAE04EC0-301F-11D3-BF4B-00C04F79EFBC}") = "api", "api\api.csproj", "{568D3481-7B94-4DDE-A25C-E1C42E65B1CE}"
EndProject
Global
	GlobalSection(SolutionConfigurationPlatforms) = preSolution
		Debug|Any CPU = Debug|Any CPU
		Release|Any CPU = Release|Any CPU
	EndGlobalSection
	GlobalSection(ProjectConfigurationPlatforms) = postSolution
		{568D3481-7B94-4DDE-A25C-E1C42E65B1CE}.Debug|Any CPU.ActiveCfg = Debug|Any CPU
		{568D3481-7B94-4DDE-A25C-E1C42E65B1CE}.Debug|Any CPU.Build.0 = Debug|Any CPU
		{568D3481-7B94-4DDE-A25C-E1C42E65B1CE}.Release|Any CPU.ActiveCfg = Release|Any CPU
		{568D3481-7B94-4DDE-A25C-E1C42E65B1CE}.Release|Any CPU.Build.0 = Release|Any CPU
	EndGlobalSection
	GlobalSection(SolutionProperties) = preSolution
		HideSolutionNode = FALSE
	EndGlobalSection
EndGlobal
